<?xml version="1.0" encoding="utf-8"?>
<Project ToolsVersion="4.0" xmlns="http://schemas.microsoft.com/developer/msbuild/2003">
  <ItemGroup>
    <Filter Include="源文件">
      <UniqueIdentifier>{4FC737F1-C7A5-4376-A066-2A32D752A2FF}</UniqueIdentifier>
      <Extensions>cpp;c;cc;cxx;def;odl;idl;hpj;bat;asm;asmx</Extensions>
    </Filter>
    <Filter Include="头文件">
      <UniqueIdentifier>{93995380-89BD-4b04-88EB-625FBE52EBFB}</UniqueIdentifier>
      <Extensions>h;hh;hpp;hxx;hm;inl;inc;ipp;xsd</Extensions>
    </Filter>
    <Filter Include="资源文件">
      <UniqueIdentifier>{67DA6AB6-F800-4c08-8B7A-83BB121AAD01}</UniqueIdentifier>
      <Extensions>rc;ico;cur;bmp;dlg;rc2;rct;bin;rgs;gif;jpg;jpeg;jpe;resx;tiff;tif;png;wav;mfcribbon-ms</Extensions>
    </Filter>
  </ItemGroup>
  <ItemGroup>
    <ClCompile Include="1.1const关键字的用法.cpp">
      <Filter>源文件</Filter>
    </ClCompile>
    <ClCompile Include="1.3动态内存分配.cpp">
      <Filter>源文件</Filter>
    </ClCompile>
    <ClCompile Include="1.2引用.cpp">
      <Filter>源文件</Filter>
    </ClCompile>
    <ClCompile Include="1.4内联函数，函数重载，函数缺省参数.cpp">
      <Filter>源文件</Filter>
    </ClCompile>
    <ClCompile Include="2.1类和对象的基本概念.cpp">
      <Filter>源文件</Filter>
    </ClCompile>
    <ClCompile Include="2.2构造函数.cpp">
      <Filter>源文件</Filter>
    </ClCompile>
    <ClCompile Include="2.3复制构造函数.cpp">
      <Filter>源文件</Filter>
    </ClCompile>
    <ClCompile Include="2.4类型构造函数.cpp">
      <Filter>源文件</Filter>
    </ClCompile>
    <ClCompile Include="2.5构造函数和析构函数什么时候被调用.cpp">
      <Filter>源文件</Filter>
    </ClCompile>
    <ClCompile Include="3.1类和对象的提高.cpp">
      <Filter>源文件</Filter>
    </ClCompile>
    <ClCompile Include="3.2静态变量.cpp">
      <Filter>源文件</Filter>
    </ClCompile>
    <ClCompile Include="3.3成员变量和封闭类.cpp">
      <Filter>源文件</Filter>
    </ClCompile>
    <ClCompile Include="3.4常量对象，常量成员函数.cpp">
      <Filter>源文件</Filter>
    </ClCompile>
    <ClCompile Include="3.5友元.cpp">
      <Filter>源文件</Filter>
    </ClCompile>
    <ClCompile Include="4.1 运算符重载.cpp">
      <Filter>源文件</Filter>
    </ClCompile>
    <ClCompile Include="4.2赋值预算符重载.cpp">
      <Filter>源文件</Filter>
    </ClCompile>
    <ClCompile Include="4.3运算符重载为友元函数.cpp">
      <Filter>源文件</Filter>
    </ClCompile>
    <ClCompile Include="4.4可变长数组的实现.cpp">
      <Filter>源文件</Filter>
    </ClCompile>
    <ClCompile Include="4.5流插入符和流提取运算符 的重载.cpp">
      <Filter>源文件</Filter>
    </ClCompile>
    <ClCompile Include="4.6类型转化符重载.cpp">
      <Filter>源文件</Filter>
    </ClCompile>
    <ClCompile Include="4.7自增自减运算符的重载.cpp">
      <Filter>源文件</Filter>
    </ClCompile>
    <ClCompile Include="5.1继承和派生.cpp">
      <Filter>源文件</Filter>
    </ClCompile>
    <ClCompile Include="5.2继承关系和复合关系.cpp">
      <Filter>源文件</Filter>
    </ClCompile>
    <ClCompile Include="5.3覆盖和保护成员.cpp">
      <Filter>源文件</Filter>
    </ClCompile>
    <ClCompile Include="5.4派生类的构造函数.cpp">
      <Filter>源文件</Filter>
    </ClCompile>
    <ClCompile Include="5.5公有继承的赋值兼容规则.cpp">
      <Filter>源文件</Filter>
    </ClCompile>
    <ClCompile Include="6.1虚函数和多态的基本概念.cpp">
      <Filter>源文件</Filter>
    </ClCompile>
    <ClCompile Include="6.2多态实例-魔法门之英雄无敌.cpp">
      <Filter>源文件</Filter>
    </ClCompile>
    <ClCompile Include="6.3几何形体处理实例.cpp">
      <Filter>源文件</Filter>
    </ClCompile>
    <ClCompile Include="6.4多态的实现原理.cpp">
      <Filter>源文件</Filter>
    </ClCompile>
    <ClCompile Include="6.5虚析构函数.cpp">
      <Filter>源文件</Filter>
    </ClCompile>
    <ClCompile Include="7.1输入和输出.cpp">
      <Filter>源文件</Filter>
    </ClCompile>
    <ClCompile Include="7.2流操纵算子.cpp">
      <Filter>源文件</Filter>
    </ClCompile>
    <ClCompile Include="7.3文件的读写.cpp">
      <Filter>源文件</Filter>
    </ClCompile>
    <ClCompile Include="7.4文件读写(二).cpp">
      <Filter>源文件</Filter>
    </ClCompile>
    <ClCompile Include="7.5函数模板和类模板.cpp">
      <Filter>源文件</Filter>
    </ClCompile>
    <ClCompile Include="7.6类模板.cpp">
      <Filter>源文件</Filter>
    </ClCompile>
    <ClCompile Include="7.7类模板和派生，友元，静态成员.cpp">
      <Filter>源文件</Filter>
    </ClCompile>
    <ClCompile Include="8.1string类.cpp">
      <Filter>源文件</Filter>
    </ClCompile>
    <ClCompile Include="8.2标准模板库STL.cpp">
      <Filter>源文件</Filter>
    </ClCompile>
    <ClCompile Include="8.3标准模板库STL（2）.cpp">
      <Filter>源文件</Filter>
    </ClCompile>
    <ClCompile Include="8.4vector，deque和list.cpp">
      <Filter>源文件</Filter>
    </ClCompile>
    <ClCompile Include="8.5函数对象.cpp">
      <Filter>源文件</Filter>
    </ClCompile>
    <ClCompile Include="9.1set和multiset.cpp">
      <Filter>源文件</Filter>
    </ClCompile>
    <ClCompile Include="9.2map和multimap.cpp">
      <Filter>源文件</Filter>
    </ClCompile>
    <ClCompile Include="9.3容器适配器.cpp">
      <Filter>源文件</Filter>
    </ClCompile>
    <ClCompile Include="9.4算法一.cpp">
      <Filter>源文件</Filter>
    </ClCompile>
    <ClCompile Include="9.5算法二.cpp">
      <Filter>源文件</Filter>
    </ClCompile>
    <ClCompile Include="10.1c++11特性.cpp">
      <Filter>源文件</Filter>
    </ClCompile>
    <ClCompile Include="10.2c++特性.cpp">
      <Filter>源文件</Filter>
    </ClCompile>
    <ClCompile Include="10.3强制类型转换.cpp">
      <Filter>源文件</Filter>
    </ClCompile>
    <ClCompile Include="10.4异常处理.cpp">
      <Filter>源文件</Filter>
    </ClCompile>
    <ClCompile Include="vector模板.cpp">
      <Filter>源文件</Filter>
    </ClCompile>
    <ClCompile Include="list模板.cpp">
      <Filter>源文件</Filter>
    </ClCompile>
    <ClCompile Include="stack模板.cpp">
      <Filter>源文件</Filter>
    </ClCompile>
  </ItemGroup>
  <ItemGroup>
    <ClInclude Include="listNode.h">
      <Filter>头文件</Filter>
    </ClInclude>
  </ItemGroup>
</Project>